
Microsoft Visual Studio Solution File, Format Version 12.00
# Visual Studio 15
VisualStudioVersion = 15.0.27421.1
MinimumVisualStudioVersion = 10.0.40219.1
Project("{FAE04EC0-301F-11D3-BF4B-00C04F79EFBC}") = "Sosapoverty", "Sosapoverty\Sosapoverty.csproj", "{6F001C8F-6AEB-4413-A8E0-871E92E24004}"
EndProject
Project("{FAE04EC0-301F-11D3-BF4B-00C04F79EFBC}") = "DAL", "DAL\DAL.csproj", "{0C7DCCAC-F979-4ABD-9EC1-7C4DA238A885}"
EndProject
Project("{FAE04EC0-301F-11D3-BF4B-00C04F79EFBC}") = "WebService", "WebService\WebService.csproj", "{F7A27913-944B-4038-BF91-3DD3929AC4A5}"
EndProject
Project("{FAE04EC0-301F-11D3-BF4B-00C04F79EFBC}") = "Kuchegardan", "Kuchegardan\Kuchegardan.csproj", "{AFF42F5F-5E90-4192-B74B-64850A23C798}"
EndProject
Project("{2150E333-8FDC-42A3-9474-1A3956D46DE8}") = "DataLayer", "DataLayer", "{00524B6C-FEF7-4449-B562-893F1F47E770}"
EndProject
Project("{2150E333-8FDC-42A3-9474-1A3956D46DE8}") = "SocialWorking", "SocialWorking", "{2678AF3C-A7EA-45E9-9700-D50C7EA4ACCF}"
EndProject
Project("{2150E333-8FDC-42A3-9474-1A3956D46DE8}") = "Persian", "Persian", "{38B6C572-5854-48D9-9B49-EDA9C5AFC679}"
EndProject
Project("{2150E333-8FDC-42A3-9474-1A3956D46DE8}") = "Utility", "Utility", "{878FD230-7254-4306-BA2E-40AE7F99BA87}"
EndProject
Project("{FAE04EC0-301F-11D3-BF4B-00C04F79EFBC}") = "IASData.Sport.Supervisor", "IASData.Sport.Supervisor\IASData.Sport.Supervisor.csproj", "{7C1B2F92-1F7B-4035-AD29-8A66F0D3BD9F}"
EndProject
Project("{FAE04EC0-301F-11D3-BF4B-00C04F79EFBC}") = "IASData.Utility", "IASData.Utility\IASData.Utility.csproj", "{325C76E2-FFAB-475E-93D6-D1F0948D84BB}"
EndProject
Project("{FAE04EC0-301F-11D3-BF4B-00C04F79EFBC}") = "IASData.Enumerable", "IASData.Enumerable\IASData.Enumerable.csproj", "{1E7F6D88-82F5-4F31-BBD4-327139380231}"
EndProject
Project("{FAE04EC0-301F-11D3-BF4B-00C04F79EFBC}") = "IASData.Provider", "IASData.Provider\IASData.Provider.csproj", "{D4594E0E-B6CA-4E0A-A82B-BC05213270F9}"
EndProject
Project("{FAE04EC0-301F-11D3-BF4B-00C04F79EFBC}") = "IASData.IranianHouse.SocialWorking", "IASData.IranianHouse.SocialWorking\IASData.IranianHouse.SocialWorking.csproj", "{454EF7A4-240B-4F84-A88D-59F19F7DF7EA}"
EndProject
Global
	GlobalSection(SolutionConfigurationPlatforms) = preSolution
		Debug|Any CPU = Debug|Any CPU
		Release|Any CPU = Release|Any CPU
	EndGlobalSection
	GlobalSection(ProjectConfigurationPlatforms) = postSolution
		{6F001C8F-6AEB-4413-A8E0-871E92E24004}.Debug|Any CPU.ActiveCfg = Debug|Any CPU
		{6F001C8F-6AEB-4413-A8E0-871E92E24004}.Debug|Any CPU.Build.0 = Debug|Any CPU
		{6F001C8F-6AEB-4413-A8E0-871E92E24004}.Release|Any CPU.ActiveCfg = Debug|Any CPU
		{6F001C8F-6AEB-4413-A8E0-871E92E24004}.Release|Any CPU.Build.0 = Debug|Any CPU
		{0C7DCCAC-F979-4ABD-9EC1-7C4DA238A885}.Debug|Any CPU.ActiveCfg = Debug|Any CPU
		{0C7DCCAC-F979-4ABD-9EC1-7C4DA238A885}.Debug|Any CPU.Build.0 = Debug|Any CPU
		{0C7DCCAC-F979-4ABD-9EC1-7C4DA238A885}.Release|Any CPU.ActiveCfg = Debug|Any CPU
		{0C7DCCAC-F979-4ABD-9EC1-7C4DA238A885}.Release|Any CPU.Build.0 = Debug|Any CPU
		{F7A27913-944B-4038-BF91-3DD3929AC4A5}.Debug|Any CPU.ActiveCfg = Debug|Any CPU
		{F7A27913-944B-4038-BF91-3DD3929AC4A5}.Debug|Any CPU.Build.0 = Debug|Any CPU
		{F7A27913-944B-4038-BF91-3DD3929AC4A5}.Release|Any CPU.ActiveCfg = Debug|Any CPU
		{F7A27913-944B-4038-BF91-3DD3929AC4A5}.Release|Any CPU.Build.0 = Debug|Any CPU
		{AFF42F5F-5E90-4192-B74B-64850A23C798}.Debug|Any CPU.ActiveCfg = Debug|Any CPU
		{AFF42F5F-5E90-4192-B74B-64850A23C798}.Debug|Any CPU.Build.0 = Debug|Any CPU
		{AFF42F5F-5E90-4192-B74B-64850A23C798}.Release|Any CPU.ActiveCfg = Debug|Any CPU
		{AFF42F5F-5E90-4192-B74B-64850A23C798}.Release|Any CPU.Build.0 = Debug|Any CPU
		{7C1B2F92-1F7B-4035-AD29-8A66F0D3BD9F}.Debug|Any CPU.ActiveCfg = Debug|Any CPU
		{7C1B2F92-1F7B-4035-AD29-8A66F0D3BD9F}.Debug|Any CPU.Build.0 = Debug|Any CPU
		{7C1B2F92-1F7B-4035-AD29-8A66F0D3BD9F}.Release|Any CPU.ActiveCfg = Release|Any CPU
		{7C1B2F92-1F7B-4035-AD29-8A66F0D3BD9F}.Release|Any CPU.Build.0 = Release|Any CPU
		{325C76E2-FFAB-475E-93D6-D1F0948D84BB}.Debug|Any CPU.ActiveCfg = Debug|Any CPU
		{325C76E2-FFAB-475E-93D6-D1F0948D84BB}.Debug|Any CPU.Build.0 = Debug|Any CPU
		{325C76E2-FFAB-475E-93D6-D1F0948D84BB}.Release|Any CPU.ActiveCfg = Release|Any CPU
		{325C76E2-FFAB-475E-93D6-D1F0948D84BB}.Release|Any CPU.Build.0 = Release|Any CPU
		{1E7F6D88-82F5-4F31-BBD4-327139380231}.Debug|Any CPU.ActiveCfg = Debug|Any CPU
		{1E7F6D88-82F5-4F31-BBD4-327139380231}.Debug|Any CPU.Build.0 = Debug|Any CPU
		{1E7F6D88-82F5-4F31-BBD4-327139380231}.Release|Any CPU.ActiveCfg = Release|Any CPU
		{1E7F6D88-82F5-4F31-BBD4-327139380231}.Release|Any CPU.Build.0 = Release|Any CPU
		{D4594E0E-B6CA-4E0A-A82B-BC05213270F9}.Debug|Any CPU.ActiveCfg = Debug|Any CPU
		{D4594E0E-B6CA-4E0A-A82B-BC05213270F9}.Debug|Any CPU.Build.0 = Debug|Any CPU
		{D4594E0E-B6CA-4E0A-A82B-BC05213270F9}.Release|Any CPU.ActiveCfg = Release|Any CPU
		{D4594E0E-B6CA-4E0A-A82B-BC05213270F9}.Release|Any CPU.Build.0 = Release|Any CPU
		{454EF7A4-240B-4F84-A88D-59F19F7DF7EA}.Debug|Any CPU.ActiveCfg = Debug|Any CPU
		{454EF7A4-240B-4F84-A88D-59F19F7DF7EA}.Debug|Any CPU.Build.0 = Debug|Any CPU
		{454EF7A4-240B-4F84-A88D-59F19F7DF7EA}.Release|Any CPU.ActiveCfg = Release|Any CPU
		{454EF7A4-240B-4F84-A88D-59F19F7DF7EA}.Release|Any CPU.Build.0 = Release|Any CPU
	EndGlobalSection
	GlobalSection(SolutionProperties) = preSolution
		HideSolutionNode = FALSE
	EndGlobalSection
	GlobalSection(NestedProjects) = preSolution
		{6F001C8F-6AEB-4413-A8E0-871E92E24004} = {2678AF3C-A7EA-45E9-9700-D50C7EA4ACCF}
		{0C7DCCAC-F979-4ABD-9EC1-7C4DA238A885} = {00524B6C-FEF7-4449-B562-893F1F47E770}
		{F7A27913-944B-4038-BF91-3DD3929AC4A5} = {878FD230-7254-4306-BA2E-40AE7F99BA87}
		{AFF42F5F-5E90-4192-B74B-64850A23C798} = {2678AF3C-A7EA-45E9-9700-D50C7EA4ACCF}
		{7C1B2F92-1F7B-4035-AD29-8A66F0D3BD9F} = {38B6C572-5854-48D9-9B49-EDA9C5AFC679}
		{325C76E2-FFAB-475E-93D6-D1F0948D84BB} = {878FD230-7254-4306-BA2E-40AE7F99BA87}
		{1E7F6D88-82F5-4F31-BBD4-327139380231} = {878FD230-7254-4306-BA2E-40AE7F99BA87}
		{D4594E0E-B6CA-4E0A-A82B-BC05213270F9} = {878FD230-7254-4306-BA2E-40AE7F99BA87}
		{454EF7A4-240B-4F84-A88D-59F19F7DF7EA} = {2678AF3C-A7EA-45E9-9700-D50C7EA4ACCF}
	EndGlobalSection
	GlobalSection(ExtensibilityGlobals) = postSolution
		SolutionGuid = {59A3903E-FD32-403A-80BA-CC7AE06F2EBD}
	EndGlobalSection
EndGlobal
